
Microsoft Visual Studio Solution File, Format Version 12.00
# Visual Studio Version 16
VisualStudioVersion = 16.0.30011.22
MinimumVisualStudioVersion = 10.0.40219.1
Project("{FAE04EC0-301F-11D3-BF4B-00C04F79EFBC}") = "GGGG.CLI", "GGGG.CLI\GGGG.CLI.csproj", "{4489D270-93E5-4998-8618-CB60883DF0FC}"
EndProject
Project("{FAE04EC0-301F-11D3-BF4B-00C04F79EFBC}") = "GGGG.Patcher", "GGGG.Patcher\GGGG.Patcher.csproj", "{F6961054-7607-421C-8CA8-FB4862246115}"
EndProject
Global
	GlobalSection(SolutionConfigurationPlatforms) = preSolution
		Debug|Any CPU = Debug|Any CPU
		Release|Any CPU = Release|Any CPU
	EndGlobalSection
	GlobalSection(ProjectConfigurationPlatforms) = postSolution
		{4489D270-93E5-4998-8618-CB60883DF0FC}.Debug|Any CPU.ActiveCfg = Debug|Any CPU
		{4489D270-93E5-4998-8618-CB60883DF0FC}.Debug|Any CPU.Build.0 = Debug|Any CPU
		{4489D270-93E5-4998-8618-CB60883DF0FC}.Release|Any CPU.ActiveCfg = Release|Any CPU
		{4489D270-93E5-4998-8618-CB60883DF0FC}.Release|Any CPU.Build.0 = Release|Any CPU
		{F6961054-7607-421C-8CA8-FB4862246115}.Debug|Any CPU.ActiveCfg = Debug|Any CPU
		{F6961054-7607-421C-8CA8-FB4862246115}.Debug|Any CPU.Build.0 = Debug|Any CPU
		{F6961054-7607-421C-8CA8-FB4862246115}.Release|Any CPU.ActiveCfg = Release|Any CPU
		{F6961054-7607-421C-8CA8-FB4862246115}.Release|Any CPU.Build.0 = Release|Any CPU
	EndGlobalSection
	GlobalSection(SolutionProperties) = preSolution
		HideSolutionNode = FALSE
	EndGlobalSection
	GlobalSection(ExtensibilityGlobals) = postSolution
		SolutionGuid = {271C06F5-DF8F-465A-AD3C-8047F33EED96}
	EndGlobalSection
EndGlobal
